{
  "lockfileVersion": 1,
  "configVersion": 1,
  "workspaces": {
    "": {
      "dependencies": {
        "squint-cljs": "^0.9.182",
      },
    },
  },
  "packages": {
    "chokidar": ["chokidar@4.0.3", "", { "dependencies": { "readdirp": "^4.0.1" } }, "sha512-Qgzu8kfBvo+cA4962jnP1KkS6Dop5NS6g7R5LFYJr4b8Ub94PPQXUksCw9PvXoeXPRRddRNC5C1JQUR2SMGtnA=="],

    "readdirp": ["readdirp@4.1.2", "", {}, "sha512-GDhwkLfywWL2s6vEjyhri+eXmfH6j1L7JE27WhqLeYzoh/A3DBaYGEj2H/HFZCn/kMfim73FXxEJTw06WtxQwg=="],

    "squint-cljs": ["squint-cljs@0.9.182", "", { "dependencies": { "chokidar": "^4.0.3" }, "bin": { "squint": "node_cli.js" } }, "sha512-e27c2dLob3x7CiIKbEbHhjCWgbf3h7P05QX0vKyKiF3RedJw2+sLrzhA0iVxC6RQc5538X4Lta7raXuNAS8/bQ=="],
  }
}
